{
  "name": "webviz-tour",
  "version": "0.1.0",
  "lockfileVersion": 1,
  "requires": true,
  "dependencies": {
    "hopscotch": {
      "version": "0.3.1",
      "resolved": "https://registry.npmjs.org/hopscotch/-/hopscotch-0.3.1.tgz",
      "integrity": "sha1-BmOlqbQtQwdmapQEwCxvHqwKZYQ="
    }
  }
}
