{
  "name": "webviz-plotly",
  "version": "0.1.0",
  "lockfileVersion": 1,
  "requires": true,
  "dependencies": {
    "plotly.js-dist": {
      "version": "1.39.1",
      "resolved": "https://registry.npmjs.org/plotly.js-dist/-/plotly.js-dist-1.39.1.tgz",
      "integrity": "sha512-/jvyBnQJOXmhpSLqeYEkyrkOc1xtCW8x7NQGB3xMlW+ckEBLm3o5l+v2Pd0V8Nq9dYCgGg9ayBcgvJkMMh+3pQ=="
    }
  }
}
